PODS:
  - Realm (10.8.0):
    - Realm/Headers (= 10.8.0)
  - Realm/Headers (10.8.0)
  - RealmSwift (10.8.0):
    - Realm (= 10.8.0)
  - RxCocoa (6.2.0):
    - RxRelay (= 6.2.0)
    - RxSwift (= 6.2.0)
  - RxRelay (6.2.0):
    - RxSwift (= 6.2.0)
  - RxSwift (6.2.0)
  - SnapKit (5.0.1)

DEPENDENCIES:
  - RealmSwift
  - RxCocoa
  - RxSwift
  - SnapKit

SPEC REPOS:
  trunk:
    - Realm
    - RealmSwift
    - RxCocoa
    - RxRelay
    - RxSwift
    - SnapKit

SPEC CHECKSUMS:
  Realm: ad3c5cd762e5a5bc02080fc55aa04a0e43f98575
  RealmSwift: 316e450478fb01e06ece4438dda42f407c5f51d2
  RxCocoa: 4baf94bb35f2c0ab31bc0cb9f1900155f646ba42
  RxRelay: e72dbfd157807478401ef1982e1c61c945c94b2f
  RxSwift: d356ab7bee873611322f134c5f9ef379fa183d8f
  SnapKit: 97b92857e3df3a0c71833cce143274bf6ef8e5eb

PODFILE CHECKSUM: 248c54fdf4e708aa6b6a4cc41c20e40a99fe0b87

COCOAPODS: 1.10.1
